
Microsoft Visual Studio Solution File, Format Version 12.00
# Visual Studio Version 17
VisualStudioVersion = 17.3.32922.545
MinimumVisualStudioVersion = 10.0.40219.1
Project("{FAE04EC0-301F-11D3-BF4B-00C04F79EFBC}") = "desafio_if_else", "desafio_if_else\desafio_if_else.csproj", "{EE9FD7CD-66F1-4275-AB9E-05BC63E68F7C}"
EndProject
Global
	GlobalSection(SolutionConfigurationPlatforms) = preSolution
		Debug|Any CPU = Debug|Any CPU
		Release|Any CPU = Release|Any CPU
	EndGlobalSection
	GlobalSection(ProjectConfigurationPlatforms) = postSolution
		{EE9FD7CD-66F1-4275-AB9E-05BC63E68F7C}.Debug|Any CPU.ActiveCfg = Debug|Any CPU
		{EE9FD7CD-66F1-4275-AB9E-05BC63E68F7C}.Debug|Any CPU.Build.0 = Debug|Any CPU
		{EE9FD7CD-66F1-4275-AB9E-05BC63E68F7C}.Release|Any CPU.ActiveCfg = Release|Any CPU
		{EE9FD7CD-66F1-4275-AB9E-05BC63E68F7C}.Release|Any CPU.Build.0 = Release|Any CPU
	EndGlobalSection
	GlobalSection(SolutionProperties) = preSolution
		HideSolutionNode = FALSE
	EndGlobalSection
	GlobalSection(ExtensibilityGlobals) = postSolution
		SolutionGuid = {2C5BF4EE-91FE-4584-9EDF-31EF42C0185B}
	EndGlobalSection
EndGlobal
